{
    "_readme": [
        "This file locks the dependencies of your project to a known state",
        "Read more about it at https://getcomposer.org/doc/01-basic-usage.md#composer-lock-the-lock-file",
        "This file is @generated automatically"
    ],
    "hash": "6061fd465fb7c79ccc731b382030ddc8",
    "packages": [
        {
            "name": "arsen-bespalov/webicqpro",
            "version": "1.5.0",
            "source": {
                "type": "git",
                "url": "https://github.com/ArsenBespalov/WebIcqPro.git",
                "reference": "1718e00757881c5f3a042507c619ca058122bb5e"
            },
            "dist": {
                "type": "zip",
                "url": "https://api.github.com/repos/ArsenBespalov/WebIcqPro/zipball/1718e00757881c5f3a042507c619ca058122bb5e",
                "reference": "1718e00757881c5f3a042507c619ca058122bb5e",
                "shasum": ""
            },
            "require": {
                "php": ">=5.2.0"
            },
            "type": "library",
            "autoload": {
                "classmap": [
                    "WebIcqPro.class.php"
                ]
            },
            "notification-url": "https://packagist.org/downloads/",
            "license": [
                "GPL-2.0"
            ],
            "authors": [
                {
                    "name": "Sergey Akudovich",
                    "email": "test@intrigue.ru",
                    "homepage": "http://wip.asminog.com",
                    "role": "Developer"
                },
                {
                    "name": "Arsen Bespalov",
                    "email": "bespalov@arsen.pw",
                    "homepage": "http://arsen.pw",
                    "role": "Translator"
                }
            ],
            "description": "Set of PHP tools for simple and clear work with ICQ (OSCAR) protocol",
            "homepage": "http://wip.asminog.com",
            "keywords": [
                "icq",
                "icq api",
                "icq bot"
            ],
            "time": "2012-03-20 20:21:31"
        },
        {
            "name": "longman/telegram-bot",
            "version": "0.18.0",
            "source": {
                "type": "git",
                "url": "https://github.com/akalongman/php-telegram-bot.git",
                "reference": "2be7b3c3ea50961620d1aca46474d9f8bc4f5e15"
            },
            "dist": {
                "type": "zip",
                "url": "https://api.github.com/repos/akalongman/php-telegram-bot/zipball/2be7b3c3ea50961620d1aca46474d9f8bc4f5e15",
                "reference": "2be7b3c3ea50961620d1aca46474d9f8bc4f5e15",
                "shasum": ""
            },
            "require": {
                "ext-curl": "*",
                "ext-pdo": "*",
                "php": ">=5.4.0"
            },
            "require-dev": {
                "phpspec/phpspec": "~2.1",
                "phpunit/phpunit": "4.1.*",
                "squizlabs/php_codesniffer": "2.3.*"
            },
            "type": "library",
            "autoload": {
                "psr-4": {
                    "Longman\\TelegramBot\\": "src/"
                }
            },
            "notification-url": "https://packagist.org/downloads/",
            "license": [
                "MIT"
            ],
            "authors": [
                {
                    "name": "Avtandil Kikabidze aka LONGMAN",
                    "email": "akalongman@gmail.com",
                    "homepage": "http://longman.ge",
                    "role": "Developer"
                }
            ],
            "description": "PHP telegram bot",
            "homepage": "https://github.com/akalongman/php-telegram-bot",
            "keywords": [
                "api",
                "bot",
                "telegram"
            ],
            "time": "2015-10-02 22:00:38"
        },
        {
            "name": "phpoffice/phpexcel",
            "version": "1.8.1",
            "source": {
                "type": "git",
                "url": "https://github.com/PHPOffice/PHPExcel.git",
                "reference": "372c7cbb695a6f6f1e62649381aeaa37e7e70b32"
            },
            "dist": {
                "type": "zip",
                "url": "https://api.github.com/repos/PHPOffice/PHPExcel/zipball/372c7cbb695a6f6f1e62649381aeaa37e7e70b32",
                "reference": "372c7cbb695a6f6f1e62649381aeaa37e7e70b32",
                "shasum": ""
            },
            "require": {
                "ext-xml": "*",
                "ext-xmlwriter": "*",
                "php": ">=5.2.0"
            },
            "type": "library",
            "autoload": {
                "psr-0": {
                    "PHPExcel": "Classes/"
                }
            },
            "notification-url": "https://packagist.org/downloads/",
            "license": [
                "LGPL"
            ],
            "authors": [
                {
                    "name": "Maarten Balliauw",
                    "homepage": "http://blog.maartenballiauw.be"
                },
                {
                    "name": "Mark Baker"
                },
                {
                    "name": "Franck Lefevre",
                    "homepage": "http://blog.rootslabs.net"
                },
                {
                    "name": "Erik Tilt"
                }
            ],
            "description": "PHPExcel - OpenXML - Read, Create and Write Spreadsheet documents in PHP - Spreadsheet engine",
            "homepage": "http://phpexcel.codeplex.com",
            "keywords": [
                "OpenXML",
                "excel",
                "php",
                "spreadsheet",
                "xls",
                "xlsx"
            ],
            "time": "2015-05-01 07:00:55"
        },
        {
            "name": "salva/jshrink-bundle",
            "version": "1.1.2",
            "source": {
                "type": "git",
                "url": "https://github.com/nibsirahsieu/SalvaJshrinkBundle.git",
                "reference": "426956a7c6763503b7edabdeb0fc2f2fc3435724"
            },
            "dist": {
                "type": "zip",
                "url": "https://api.github.com/repos/nibsirahsieu/SalvaJshrinkBundle/zipball/426956a7c6763503b7edabdeb0fc2f2fc3435724",
                "reference": "426956a7c6763503b7edabdeb0fc2f2fc3435724",
                "shasum": ""
            },
            "require": {
                "php": ">=5.3.2",
                "tedivm/jshrink": "~1.0",
                "twig/extensions": "~1.2"
            },
            "require-dev": {
                "phpunit/phpunit": "~4.5",
                "symfony/assetic-bundle": ">=2.6",
                "symfony/framework-bundle": ">=2.3",
                "symfony/twig-bundle": ">=2.3"
            },
            "type": "library",
            "extra": {
                "branch-alias": {
                    "dev-master": "1.1.x-dev"
                }
            },
            "autoload": {
                "psr-4": {
                    "Salva\\JshrinkBundle\\": "."
                }
            },
            "notification-url": "https://packagist.org/downloads/",
            "license": [
                "MIT"
            ],
            "authors": [
                {
                    "name": "Nibsirahsieu",
                    "email": "nibsirahsieu@gmail.com",
                    "role": "Lead Developer"
                },
                {
                    "name": "Emanuele Minotto",
                    "email": "minottoemanuele@gmail.com",
                    "homepage": "http://www.emanueleminotto.it",
                    "role": "Collaborator"
                }
            ],
            "description": "This bundle integrate jshrink library as Assetic filter and twig extension",
            "homepage": "https://github.com/nibsirahsieu/SalvaJshrinkBundle",
            "keywords": [
                "Symfony Bundle",
                "assetic",
                "javascript",
                "jshrink",
                "minify",
                "twig"
            ],
            "time": "2015-10-11 14:15:19"
        },
        {
            "name": "tecnick.com/tcpdf",
            "version": "6.2.11",
            "source": {
                "type": "git",
                "url": "https://github.com/tecnickcom/TCPDF.git",
                "reference": "354433a33946ae7497c3eab291eaaf814bccbfab"
            },
            "dist": {
                "type": "zip",
                "url": "https://api.github.com/repos/tecnickcom/TCPDF/zipball/354433a33946ae7497c3eab291eaaf814bccbfab",
                "reference": "354433a33946ae7497c3eab291eaaf814bccbfab",
                "shasum": ""
            },
            "require": {
                "php": ">=5.3.0"
            },
            "type": "library",
            "autoload": {
                "classmap": [
                    "fonts",
                    "config",
                    "include",
                    "tcpdf.php",
                    "tcpdf_parser.php",
                    "tcpdf_import.php",
                    "tcpdf_barcodes_1d.php",
                    "tcpdf_barcodes_2d.php",
                    "include/tcpdf_colors.php",
                    "include/tcpdf_filters.php",
                    "include/tcpdf_font_data.php",
                    "include/tcpdf_fonts.php",
                    "include/tcpdf_images.php",
                    "include/tcpdf_static.php",
                    "include/barcodes/datamatrix.php",
                    "include/barcodes/pdf417.php",
                    "include/barcodes/qrcode.php"
                ]
            },
            "notification-url": "https://packagist.org/downloads/",
            "license": [
                "LGPLv3"
            ],
            "authors": [
                {
                    "name": "Nicola Asuni",
                    "email": "info@tecnick.com",
                    "homepage": "http://nicolaasuni.tecnick.com"
                }
            ],
            "description": "TCPDF is a PHP class for generating PDF documents and barcodes.",
            "homepage": "http://www.tcpdf.org/",
            "keywords": [
                "PDFD32000-2008",
                "TCPDF",
                "barcodes",
                "datamatrix",
                "pdf",
                "pdf417",
                "qrcode"
            ],
            "abandoned": "tecnickcom/tcpdf",
            "time": "2015-08-02 12:30:27"
        },
        {
            "name": "tedivm/jshrink",
            "version": "v1.1.0",
            "source": {
                "type": "git",
                "url": "https://github.com/tedious/JShrink.git",
                "reference": "688527a2e854d7935f24f24c7d5eb1b604742bf9"
            },
            "dist": {
                "type": "zip",
                "url": "https://api.github.com/repos/tedious/JShrink/zipball/688527a2e854d7935f24f24c7d5eb1b604742bf9",
                "reference": "688527a2e854d7935f24f24c7d5eb1b604742bf9",
                "shasum": ""
            },
            "require": {
                "php": ">=5.3.0"
            },
            "require-dev": {
                "fabpot/php-cs-fixer": "0.4.0",
                "phpunit/phpunit": "4.0.*",
                "satooshi/php-coveralls": "dev-master"
            },
            "type": "library",
            "autoload": {
                "psr-0": {
                    "JShrink": "src/"
                }
            },
            "notification-url": "https://packagist.org/downloads/",
            "license": [
                "BSD-3-Clause"
            ],
            "authors": [
                {
                    "name": "Robert Hafner",
                    "email": "tedivm@tedivm.com"
                }
            ],
            "description": "Javascript Minifier built in PHP",
            "homepage": "http://github.com/tedious/JShrink",
            "keywords": [
                "javascript",
                "minifier"
            ],
            "time": "2015-07-04 07:35:09"
        },
        {
            "name": "twig/extensions",
            "version": "v1.3.0",
            "source": {
                "type": "git",
                "url": "https://github.com/twigphp/Twig-extensions.git",
                "reference": "449e3c8a9ffad7c2479c7864557275a32b037499"
            },
            "dist": {
                "type": "zip",
                "url": "https://api.github.com/repos/twigphp/Twig-extensions/zipball/449e3c8a9ffad7c2479c7864557275a32b037499",
                "reference": "449e3c8a9ffad7c2479c7864557275a32b037499",
                "shasum": ""
            },
            "require": {
                "twig/twig": "~1.20|~2.0"
            },
            "require-dev": {
                "symfony/translation": "~2.3"
            },
            "suggest": {
                "symfony/translation": "Allow the time_diff output to be translated"
            },
            "type": "library",
            "extra": {
                "branch-alias": {
                    "dev-master": "1.3-dev"
                }
            },
            "autoload": {
                "psr-0": {
                    "Twig_Extensions_": "lib/"
                }
            },
            "notification-url": "https://packagist.org/downloads/",
            "license": [
                "MIT"
            ],
            "authors": [
                {
                    "name": "Fabien Potencier",
                    "email": "fabien@symfony.com"
                }
            ],
            "description": "Common additional features for Twig that do not directly belong in core",
            "homepage": "http://twig.sensiolabs.org/doc/extensions/index.html",
            "keywords": [
                "i18n",
                "text"
            ],
            "time": "2015-08-22 16:38:35"
        },
        {
            "name": "twig/twig",
            "version": "v1.22.3",
            "source": {
                "type": "git",
                "url": "https://github.com/twigphp/Twig.git",
                "reference": "ebfc36b7e77b0c1175afe30459cf943010245540"
            },
            "dist": {
                "type": "zip",
                "url": "https://api.github.com/repos/twigphp/Twig/zipball/ebfc36b7e77b0c1175afe30459cf943010245540",
                "reference": "ebfc36b7e77b0c1175afe30459cf943010245540",
                "shasum": ""
            },
            "require": {
                "php": ">=5.2.7"
            },
            "require-dev": {
                "symfony/debug": "~2.7",
                "symfony/phpunit-bridge": "~2.7"
            },
            "type": "library",
            "extra": {
                "branch-alias": {
                    "dev-master": "1.22-dev"
                }
            },
            "autoload": {
                "psr-0": {
                    "Twig_": "lib/"
                }
            },
            "notification-url": "https://packagist.org/downloads/",
            "license": [
                "BSD-3-Clause"
            ],
            "authors": [
                {
                    "name": "Fabien Potencier",
                    "email": "fabien@symfony.com",
                    "homepage": "http://fabien.potencier.org",
                    "role": "Lead Developer"
                },
                {
                    "name": "Armin Ronacher",
                    "email": "armin.ronacher@active-4.com",
                    "role": "Project Founder"
                },
                {
                    "name": "Twig Team",
                    "homepage": "http://twig.sensiolabs.org/contributors",
                    "role": "Contributors"
                }
            ],
            "description": "Twig, the flexible, fast, and secure template language for PHP",
            "homepage": "http://twig.sensiolabs.org",
            "keywords": [
                "templating"
            ],
            "time": "2015-10-13 07:07:02"
        }
    ],
    "packages-dev": [],
    "aliases": [],
    "minimum-stability": "stable",
    "stability-flags": [],
    "prefer-stable": false,
    "prefer-lowest": false,
    "platform": [],
    "platform-dev": []
}
